{
  "name": "waimai-youhuiquan",
  "version": "1.0.0",
  "lockfileVersion": 1,
  "requires": true,
  "dependencies": {
    "lucky-canvas": {
      "version": "1.5.4",
      "resolved": "https://registry.npmjs.org/lucky-canvas/-/lucky-canvas-1.5.4.tgz",
      "integrity": "sha512-rwO2hiGfkTKvQwlYKmr/N8KVF3s78wWGvkoaopqO6Zcr2kO8JlVqGvHf995WPYCFd66Jyr58kRLsLUr9KXXvmQ=="
    },
    "mini-luck-draw": {
      "version": "1.0.11",
      "resolved": "https://registry.npmjs.org/mini-luck-draw/-/mini-luck-draw-1.0.11.tgz",
      "integrity": "sha512-gWXMT/f3ag6SgdtChXuH57GnSLPeYSEtYqCak++vMP2WxuNo0ow5a8F+q+CRuHWeBrTyNmVTfEMmlbUkmZFH1g==",
      "requires": {
        "lucky-canvas": "^1.5.3"
      }
    }
  }
}
